// !$*UTF8*$!
{
	archiveVersion = 1;
	classes = {
	};
	objectVersion = 56;
	objects = {

/* Begin PBXBuildFile section */
		2C9396AB28D2195E005EE023 /* AppDelegate.swift in Sources */ = {isa = PBXBuildFile; fileRef = 2C9396AA28D2195E005EE023 /* AppDelegate.swift */; };
		2C9396AD28D2195E005EE023 /* SceneDelegate.swift in Sources */ = {isa = PBXBuildFile; fileRef = 2C9396AC28D2195E005EE023 /* SceneDelegate.swift */; };
		2C9396B228D2195E005EE023 /* Main.storyboard in Resources */ = {isa = PBXBuildFile; fileRef = 2C9396B028D2195E005EE023 /* Main.storyboard */; };
		2C9396B428D2195F005EE023 /* Assets.xcassets in Resources */ = {isa = PBXBuildFile; fileRef = 2C9396B328D2195F005EE023 /* Assets.xcassets */; };
		2C9396B728D2195F005EE023 /* LaunchScreen.storyboard in Resources */ = {isa = PBXBuildFile; fileRef = 2C9396B528D2195F005EE023 /* LaunchScreen.storyboard */; };
		2C9396BF28D226D3005EE023 /* AppetiserTableViewController.swift in Sources */ = {isa = PBXBuildFile; fileRef = 2C9396BE28D226D3005EE023 /* AppetiserTableViewController.swift */; };
		2C9396C128D22718005EE023 /* SaladAndSoupsTableViewController.swift in Sources */ = {isa = PBXBuildFile; fileRef = 2C9396C028D22718005EE023 /* SaladAndSoupsTableViewController.swift */; };
		2C9396C328D22744005EE023 /* MainCourseTableViewController.swift in Sources */ = {isa = PBXBuildFile; fileRef = 2C9396C228D22744005EE023 /* MainCourseTableViewController.swift */; };
		2C9396C528D22777005EE023 /* SidesTableViewController.swift in Sources */ = {isa = PBXBuildFile; fileRef = 2C9396C428D22777005EE023 /* SidesTableViewController.swift */; };
		2C9396C728D227AA005EE023 /* SpecaltiesTableViewController.swift in Sources */ = {isa = PBXBuildFile; fileRef = 2C9396C628D227AA005EE023 /* SpecaltiesTableViewController.swift */; };
		2C9396C928D227DF005EE023 /* CurrentOrdersTableViewController.swift in Sources */ = {isa = PBXBuildFile; fileRef = 2C9396C828D227DF005EE023 /* CurrentOrdersTableViewController.swift */; };
		2C9396CB28D22851005EE023 /* StartScreenViewController.swift in Sources */ = {isa = PBXBuildFile; fileRef = 2C9396CA28D22851005EE023 /* StartScreenViewController.swift */; };
		2C9396CD28D228E1005EE023 /* MenuSectionViewController.swift in Sources */ = {isa = PBXBuildFile; fileRef = 2C9396CC28D228E1005EE023 /* MenuSectionViewController.swift */; };
		2C9396CF28D2292D005EE023 /* PaymentViewController.swift in Sources */ = {isa = PBXBuildFile; fileRef = 2C9396CE28D2292D005EE023 /* PaymentViewController.swift */; };
		2CA8540928D473800001F68B /* CurrentOrdersTableViewCell.swift in Sources */ = {isa = PBXBuildFile; fileRef = 2CA8540828D473800001F68B /* CurrentOrdersTableViewCell.swift */; };
		2CA8540C28D48C280001F68B /* applePay.png in Resources */ = {isa = PBXBuildFile; fileRef = 2CA8540B28D48C280001F68B /* applePay.png */; };
		2CBA698328D4B49E00EF8A0B /* Badge.swift in Sources */ = {isa = PBXBuildFile; fileRef = 2CBA698228D4B49E00EF8A0B /* Badge.swift */; };
		2CCB2BA028D31FFE003FE56F /* MenuTableViewCell.swift in Sources */ = {isa = PBXBuildFile; fileRef = 2CCB2B9F28D31FFE003FE56F /* MenuTableViewCell.swift */; };
/* End PBXBuildFile section */

/* Begin PBXFileReference section */
		2C9396A728D2195E005EE023 /* RestaurantAppMockUp.app */ = {isa = PBXFileReference; explicitFileType = wrapper.application; includeInIndex = 0; path = RestaurantAppMockUp.app; sourceTree = BUILT_PRODUCTS_DIR; };
		2C9396AA28D2195E005EE023 /* AppDelegate.swift */ = {isa = PBXFileReference; lastKnownFileType = sourcecode.swift; path = AppDelegate.swift; sourceTree = "<group>"; };
		2C9396AC28D2195E005EE023 /* SceneDelegate.swift */ = {isa = PBXFileReference; lastKnownFileType = sourcecode.swift; path = SceneDelegate.swift; sourceTree = "<group>"; };
		2C9396B128D2195E005EE023 /* Base */ = {isa = PBXFileReference; lastKnownFileType = file.storyboard; name = Base; path = Base.lproj/Main.storyboard; sourceTree = "<group>"; };
		2C9396B328D2195F005EE023 /* Assets.xcassets */ = {isa = PBXFileReference; lastKnownFileType = folder.assetcatalog; path = Assets.xcassets; sourceTree = "<group>"; };
		2C9396B628D2195F005EE023 /* Base */ = {isa = PBXFileReference; lastKnownFileType = file.storyboard; name = Base; path = Base.lproj/LaunchScreen.storyboard; sourceTree = "<group>"; };
		2C9396B828D2195F005EE023 /* Info.plist */ = {isa = PBXFileReference; lastKnownFileType = text.plist.xml; path = Info.plist; sourceTree = "<group>"; };
		2C9396BE28D226D3005EE023 /* AppetiserTableViewController.swift */ = {isa = PBXFileReference; lastKnownFileType = sourcecode.swift; path = AppetiserTableViewController.swift; sourceTree = "<group>"; };
		2C9396C028D22718005EE023 /* SaladAndSoupsTableViewController.swift */ = {isa = PBXFileReference; lastKnownFileType = sourcecode.swift; path = SaladAndSoupsTableViewController.swift; sourceTree = "<group>"; };
		2C9396C228D22744005EE023 /* MainCourseTableViewController.swift */ = {isa = PBXFileReference; lastKnownFileType = sourcecode.swift; path = MainCourseTableViewController.swift; sourceTree = "<group>"; };
		2C9396C428D22777005EE023 /* SidesTableViewController.swift */ = {isa = PBXFileReference; lastKnownFileType = sourcecode.swift; path = SidesTableViewController.swift; sourceTree = "<group>"; };
		2C9396C628D227AA005EE023 /* SpecaltiesTableViewController.swift */ = {isa = PBXFileReference; lastKnownFileType = sourcecode.swift; path = SpecaltiesTableViewController.swift; sourceTree = "<group>"; };
		2C9396C828D227DF005EE023 /* CurrentOrdersTableViewController.swift */ = {isa = PBXFileReference; lastKnownFileType = sourcecode.swift; path = CurrentOrdersTableViewController.swift; sourceTree = "<group>"; };
		2C9396CA28D22851005EE023 /* StartScreenViewController.swift */ = {isa = PBXFileReference; lastKnownFileType = sourcecode.swift; path = StartScreenViewController.swift; sourceTree = "<group>"; };
		2C9396CC28D228E1005EE023 /* MenuSectionViewController.swift */ = {isa = PBXFileReference; lastKnownFileType = sourcecode.swift; path = MenuSectionViewController.swift; sourceTree = "<group>"; };
		2C9396CE28D2292D005EE023 /* PaymentViewController.swift */ = {isa = PBXFileReference; lastKnownFileType = sourcecode.swift; path = PaymentViewController.swift; sourceTree = "<group>"; };
		2CA8540828D473800001F68B /* CurrentOrdersTableViewCell.swift */ = {isa = PBXFileReference; lastKnownFileType = sourcecode.swift; path = CurrentOrdersTableViewCell.swift; sourceTree = "<group>"; };
		2CA8540B28D48C280001F68B /* applePay.png */ = {isa = PBXFileReference; lastKnownFileType = image.png; path = applePay.png; sourceTree = "<group>"; };
		2CBA698228D4B49E00EF8A0B /* Badge.swift */ = {isa = PBXFileReference; lastKnownFileType = sourcecode.swift; path = Badge.swift; sourceTree = "<group>"; };
		2CCB2B9F28D31FFE003FE56F /* MenuTableViewCell.swift */ = {isa = PBXFileReference; lastKnownFileType = sourcecode.swift; name = MenuTableViewCell.swift; path = RestaurantAppMockUp/MenuTableViewCell.swift; sourceTree = SOURCE_ROOT; };
/* End PBXFileReference section */

/* Begin PBXFrameworksBuildPhase section */
		2C9396A428D2195E005EE023 /* Frameworks */ = {
			isa = PBXFrameworksBuildPhase;
			buildActionMask = 2147483647;
			files = (
			);
			runOnlyForDeploymentPostprocessing = 0;
		};
/* End PBXFrameworksBuildPhase section */

/* Begin PBXGroup section */
		2C93969E28D2195E005EE023 = {
			isa = PBXGroup;
			children = (
				2C9396A928D2195E005EE023 /* RestaurantAppMockUp */,
				2C9396A828D2195E005EE023 /* Products */,
			);
			sourceTree = "<group>";
		};
		2C9396A828D2195E005EE023 /* Products */ = {
			isa = PBXGroup;
			children = (
				2C9396A728D2195E005EE023 /* RestaurantAppMockUp.app */,
			);
			name = Products;
			sourceTree = "<group>";
		};
		2C9396A928D2195E005EE023 /* RestaurantAppMockUp */ = {
			isa = PBXGroup;
			children = (
				2CBA698128D4B48F00EF8A0B /* Badge */,
				2CA8540A28D48BA80001F68B /* Image */,
				2C9396AA28D2195E005EE023 /* AppDelegate.swift */,
				2C9396AC28D2195E005EE023 /* SceneDelegate.swift */,
				2C9396D428D234AC005EE023 /* View */,
				2C9396D328D2349A005EE023 /* ViewControllers */,
				2C9396D228D2346C005EE023 /* TableViews */,
				2CCB2B9E28D31FD0003FE56F /* Cells */,
				2C9396B328D2195F005EE023 /* Assets.xcassets */,
				2C9396B528D2195F005EE023 /* LaunchScreen.storyboard */,
				2C9396B828D2195F005EE023 /* Info.plist */,
			);
			path = RestaurantAppMockUp;
			sourceTree = "<group>";
		};
		2C9396D228D2346C005EE023 /* TableViews */ = {
			isa = PBXGroup;
			children = (
				2C9396BE28D226D3005EE023 /* AppetiserTableViewController.swift */,
				2C9396C028D22718005EE023 /* SaladAndSoupsTableViewController.swift */,
				2C9396C228D22744005EE023 /* MainCourseTableViewController.swift */,
				2C9396C428D22777005EE023 /* SidesTableViewController.swift */,
				2C9396C628D227AA005EE023 /* SpecaltiesTableViewController.swift */,
				2C9396C828D227DF005EE023 /* CurrentOrdersTableViewController.swift */,
			);
			path = TableViews;
			sourceTree = "<group>";
		};
		2C9396D328D2349A005EE023 /* ViewControllers */ = {
			isa = PBXGroup;
			children = (
				2C9396CA28D22851005EE023 /* StartScreenViewController.swift */,
				2C9396CC28D228E1005EE023 /* MenuSectionViewController.swift */,
				2C9396CE28D2292D005EE023 /* PaymentViewController.swift */,
			);
			path = ViewControllers;
			sourceTree = "<group>";
		};
		2C9396D428D234AC005EE023 /* View */ = {
			isa = PBXGroup;
			children = (
				2C9396B028D2195E005EE023 /* Main.storyboard */,
			);
			path = View;
			sourceTree = "<group>";
		};
		2CA8540A28D48BA80001F68B /* Image */ = {
			isa = PBXGroup;
			children = (
				2CA8540B28D48C280001F68B /* applePay.png */,
			);
			path = Image;
			sourceTree = "<group>";
		};
		2CBA698128D4B48F00EF8A0B /* Badge */ = {
			isa = PBXGroup;
			children = (
				2CBA698228D4B49E00EF8A0B /* Badge.swift */,
			);
			path = Badge;
			sourceTree = "<group>";
		};
		2CCB2B9E28D31FD0003FE56F /* Cells */ = {
			isa = PBXGroup;
			children = (
				2CCB2B9F28D31FFE003FE56F /* MenuTableViewCell.swift */,
				2CA8540828D473800001F68B /* CurrentOrdersTableViewCell.swift */,
			);
			path = Cells;
			sourceTree = "<group>";
		};
/* End PBXGroup section */

/* Begin PBXNativeTarget section */
		2C9396A628D2195E005EE023 /* RestaurantAppMockUp */ = {
			isa = PBXNativeTarget;
			buildConfigurationList = 2C9396BB28D2195F005EE023 /* Build configuration list for PBXNativeTarget "RestaurantAppMockUp" */;
			buildPhases = (
				2C9396A328D2195E005EE023 /* Sources */,
				2C9396A428D2195E005EE023 /* Frameworks */,
				2C9396A528D2195E005EE023 /* Resources */,
			);
			buildRules = (
			);
			dependencies = (
			);
			name = RestaurantAppMockUp;
			productName = RestaurantAppMockUp;
			productReference = 2C9396A728D2195E005EE023 /* RestaurantAppMockUp.app */;
			productType = "com.apple.product-type.application";
		};
/* End PBXNativeTarget section */

/* Begin PBXProject section */
		2C93969F28D2195E005EE023 /* Project object */ = {
			isa = PBXProject;
			attributes = {
				BuildIndependentTargetsInParallel = 1;
				LastSwiftUpdateCheck = 1400;
				LastUpgradeCheck = 1400;
				TargetAttributes = {
					2C9396A628D2195E005EE023 = {
						CreatedOnToolsVersion = 14.0;
					};
				};
			};
			buildConfigurationList = 2C9396A228D2195E005EE023 /* Build configuration list for PBXProject "RestaurantAppMockUp" */;
			compatibilityVersion = "Xcode 14.0";
			developmentRegion = en;
			hasScannedForEncodings = 0;
			knownRegions = (
				en,
				Base,
			);
			mainGroup = 2C93969E28D2195E005EE023;
			productRefGroup = 2C9396A828D2195E005EE023 /* Products */;
			projectDirPath = "";
			projectRoot = "";
			targets = (
				2C9396A628D2195E005EE023 /* RestaurantAppMockUp */,
			);
		};
/* End PBXProject section */

/* Begin PBXResourcesBuildPhase section */
		2C9396A528D2195E005EE023 /* Resources */ = {
			isa = PBXResourcesBuildPhase;
			buildActionMask = 2147483647;
			files = (
				2C9396B728D2195F005EE023 /* LaunchScreen.storyboard in Resources */,
				2CA8540C28D48C280001F68B /* applePay.png in Resources */,
				2C9396B428D2195F005EE023 /* Assets.xcassets in Resources */,
				2C9396B228D2195E005EE023 /* Main.storyboard in Resources */,
			);
			runOnlyForDeploymentPostprocessing = 0;
		};
/* End PBXResourcesBuildPhase section */

/* Begin PBXSourcesBuildPhase section */
		2C9396A328D2195E005EE023 /* Sources */ = {
			isa = PBXSourcesBuildPhase;
			buildActionMask = 2147483647;
			files = (
				2C9396BF28D226D3005EE023 /* AppetiserTableViewController.swift in Sources */,
				2C9396C728D227AA005EE023 /* SpecaltiesTableViewController.swift in Sources */,
				2C9396CD28D228E1005EE023 /* MenuSectionViewController.swift in Sources */,
				2C9396C128D22718005EE023 /* SaladAndSoupsTableViewController.swift in Sources */,
				2C9396AB28D2195E005EE023 /* AppDelegate.swift in Sources */,
				2C9396AD28D2195E005EE023 /* SceneDelegate.swift in Sources */,
				2C9396CF28D2292D005EE023 /* PaymentViewController.swift in Sources */,
				2CBA698328D4B49E00EF8A0B /* Badge.swift in Sources */,
				2CA8540928D473800001F68B /* CurrentOrdersTableViewCell.swift in Sources */,
				2C9396C528D22777005EE023 /* SidesTableViewController.swift in Sources */,
				2CCB2BA028D31FFE003FE56F /* MenuTableViewCell.swift in Sources */,
				2C9396C328D22744005EE023 /* MainCourseTableViewController.swift in Sources */,
				2C9396C928D227DF005EE023 /* CurrentOrdersTableViewController.swift in Sources */,
				2C9396CB28D22851005EE023 /* StartScreenViewController.swift in Sources */,
			);
			runOnlyForDeploymentPostprocessing = 0;
		};
/* End PBXSourcesBuildPhase section */

/* Begin PBXVariantGroup section */
		2C9396B028D2195E005EE023 /* Main.storyboard */ = {
			isa = PBXVariantGroup;
			children = (
				2C9396B128D2195E005EE023 /* Base */,
			);
			name = Main.storyboard;
			sourceTree = "<group>";
		};
		2C9396B528D2195F005EE023 /* LaunchScreen.storyboard */ = {
			isa = PBXVariantGroup;
			children = (
				2C9396B628D2195F005EE023 /* Base */,
			);
			name = LaunchScreen.storyboard;
			sourceTree = "<group>";
		};
/* End PBXVariantGroup section */

/* Begin XCBuildConfiguration section */
		2C9396B928D2195F005EE023 /* Debug */ = {
			isa = XCBuildConfiguration;
			buildSettings = {
				ALWAYS_SEARCH_USER_PATHS = NO;
				CLANG_ANALYZER_NONNULL = YES;
				CLANG_ANALYZER_NUMBER_OBJECT_CONVERSION = YES_AGGRESSIVE;
				CLANG_CXX_LANGUAGE_STANDARD = "gnu++20";
				CLANG_ENABLE_MODULES = YES;
				CLANG_ENABLE_OBJC_ARC = YES;
				CLANG_ENABLE_OBJC_WEAK = YES;
				CLANG_WARN_BLOCK_CAPTURE_AUTORELEASING = YES;
				CLANG_WARN_BOOL_CONVERSION = YES;
				CLANG_WARN_COMMA = YES;
				CLANG_WARN_CONSTANT_CONVERSION = YES;
				CLANG_WARN_DEPRECATED_OBJC_IMPLEMENTATIONS = YES;
				CLANG_WARN_DIRECT_OBJC_ISA_USAGE = YES_ERROR;
				CLANG_WARN_DOCUMENTATION_COMMENTS = YES;
				CLANG_WARN_EMPTY_BODY = YES;
				CLANG_WARN_ENUM_CONVERSION = YES;
				CLANG_WARN_INFINITE_RECURSION = YES;
				CLANG_WARN_INT_CONVERSION = YES;
				CLANG_WARN_NON_LITERAL_NULL_CONVERSION = YES;
				CLANG_WARN_OBJC_IMPLICIT_RETAIN_SELF = YES;
				CLANG_WARN_OBJC_LITERAL_CONVERSION = YES;
				CLANG_WARN_OBJC_ROOT_CLASS = YES_ERROR;
				CLANG_WARN_QUOTED_INCLUDE_IN_FRAMEWORK_HEADER = YES;
				CLANG_WARN_RANGE_LOOP_ANALYSIS = YES;
				CLANG_WARN_STRICT_PROTOTYPES = YES;
				CLANG_WARN_SUSPICIOUS_MOVE = YES;
				CLANG_WARN_UNGUARDED_AVAILABILITY = YES_AGGRESSIVE;
				CLANG_WARN_UNREACHABLE_CODE = YES;
				CLANG_WARN__DUPLICATE_METHOD_MATCH = YES;
				COPY_PHASE_STRIP = NO;
				DEBUG_INFORMATION_FORMAT = dwarf;
				ENABLE_STRICT_OBJC_MSGSEND = YES;
				ENABLE_TESTABILITY = YES;
				GCC_C_LANGUAGE_STANDARD = gnu11;
				GCC_DYNAMIC_NO_PIC = NO;
				GCC_NO_COMMON_BLOCKS = YES;
				GCC_OPTIMIZATION_LEVEL = 0;
				GCC_PREPROCESSOR_DEFINITIONS = (
					"DEBUG=1",
					"$(inherited)",
				);
				GCC_WARN_64_TO_32_BIT_CONVERSION = YES;
				GCC_WARN_ABOUT_RETURN_TYPE = YES_ERROR;
				GCC_WARN_UNDECLARED_SELECTOR = YES;
				GCC_WARN_UNINITIALIZED_AUTOS = YES_AGGRESSIVE;
				GCC_WARN_UNUSED_FUNCTION = YES;
				GCC_WARN_UNUSED_VARIABLE = YES;
				IPHONEOS_DEPLOYMENT_TARGET = 16.0;
				MTL_ENABLE_DEBUG_INFO = INCLUDE_SOURCE;
				MTL_FAST_MATH = YES;
				ONLY_ACTIVE_ARCH = YES;
				SDKROOT = iphoneos;
				SWIFT_ACTIVE_COMPILATION_CONDITIONS = DEBUG;
				SWIFT_OPTIMIZATION_LEVEL = "-Onone";
			};
			name = Debug;
		};
		2C9396BA28D2195F005EE023 /* Release */ = {
			isa = XCBuildConfiguration;
			buildSettings = {
				ALWAYS_SEARCH_USER_PATHS = NO;
				CLANG_ANALYZER_NONNULL = YES;
				CLANG_ANALYZER_NUMBER_OBJECT_CONVERSION = YES_AGGRESSIVE;
				CLANG_CXX_LANGUAGE_STANDARD = "gnu++20";
				CLANG_ENABLE_MODULES = YES;
				CLANG_ENABLE_OBJC_ARC = YES;
				CLANG_ENABLE_OBJC_WEAK = YES;
				CLANG_WARN_BLOCK_CAPTURE_AUTORELEASING = YES;
				CLANG_WARN_BOOL_CONVERSION = YES;
				CLANG_WARN_COMMA = YES;
				CLANG_WARN_CONSTANT_CONVERSION = YES;
				CLANG_WARN_DEPRECATED_OBJC_IMPLEMENTATIONS = YES;
				CLANG_WARN_DIRECT_OBJC_ISA_USAGE = YES_ERROR;
				CLANG_WARN_DOCUMENTATION_COMMENTS = YES;
				CLANG_WARN_EMPTY_BODY = YES;
				CLANG_WARN_ENUM_CONVERSION = YES;
				CLANG_WARN_INFINITE_RECURSION = YES;
				CLANG_WARN_INT_CONVERSION = YES;
				CLANG_WARN_NON_LITERAL_NULL_CONVERSION = YES;
				CLANG_WARN_OBJC_IMPLICIT_RETAIN_SELF = YES;
				CLANG_WARN_OBJC_LITERAL_CONVERSION = YES;
				CLANG_WARN_OBJC_ROOT_CLASS = YES_ERROR;
				CLANG_WARN_QUOTED_INCLUDE_IN_FRAMEWORK_HEADER = YES;
				CLANG_WARN_RANGE_LOOP_ANALYSIS = YES;
				CLANG_WARN_STRICT_PROTOTYPES = YES;
				CLANG_WARN_SUSPICIOUS_MOVE = YES;
				CLANG_WARN_UNGUARDED_AVAILABILITY = YES_AGGRESSIVE;
				CLANG_WARN_UNREACHABLE_CODE = YES;
				CLANG_WARN__DUPLICATE_METHOD_MATCH = YES;
				COPY_PHASE_STRIP = NO;
				DEBUG_INFORMATION_FORMAT = "dwarf-with-dsym";
				ENABLE_NS_ASSERTIONS = NO;
				ENABLE_STRICT_OBJC_MSGSEND = YES;
				GCC_C_LANGUAGE_STANDARD = gnu11;
				GCC_NO_COMMON_BLOCKS = YES;
				GCC_WARN_64_TO_32_BIT_CONVERSION = YES;
				GCC_WARN_ABOUT_RETURN_TYPE = YES_ERROR;
				GCC_WARN_UNDECLARED_SELECTOR = YES;
				GCC_WARN_UNINITIALIZED_AUTOS = YES_AGGRESSIVE;
				GCC_WARN_UNUSED_FUNCTION = YES;
				GCC_WARN_UNUSED_VARIABLE = YES;
				IPHONEOS_DEPLOYMENT_TARGET = 16.0;
				MTL_ENABLE_DEBUG_INFO = NO;
				MTL_FAST_MATH = YES;
				SDKROOT = iphoneos;
				SWIFT_COMPILATION_MODE = wholemodule;
				SWIFT_OPTIMIZATION_LEVEL = "-O";
				VALIDATE_PRODUCT = YES;
			};
			name = Release;
		};
		2C9396BC28D2195F005EE023 /* Debug */ = {
			isa = XCBuildConfiguration;
			buildSettings = {
				ASSETCATALOG_COMPILER_APPICON_NAME = AppIcon;
				ASSETCATALOG_COMPILER_GLOBAL_ACCENT_COLOR_NAME = AccentColor;
				CODE_SIGN_STYLE = Automatic;
				CURRENT_PROJECT_VERSION = 1;
				DEVELOPMENT_TEAM = 4A7MNXWJ5T;
				GENERATE_INFOPLIST_FILE = YES;
				INFOPLIST_FILE = RestaurantAppMockUp/Info.plist;
				INFOPLIST_KEY_UIApplicationSupportsIndirectInputEvents = YES;
				INFOPLIST_KEY_UILaunchStoryboardName = LaunchScreen;
				INFOPLIST_KEY_UIMainStoryboardFile = Main;
				INFOPLIST_KEY_UISupportedInterfaceOrientations_iPad = "UIInterfaceOrientationPortrait UIInterfaceOrientationPortraitUpsideDown UIInterfaceOrientationLandscapeLeft UIInterfaceOrientationLandscapeRight";
				INFOPLIST_KEY_UISupportedInterfaceOrientations_iPhone = "UIInterfaceOrientationPortrait UIInterfaceOrientationLandscapeLeft UIInterfaceOrientationLandscapeRight";
				LD_RUNPATH_SEARCH_PATHS = (
					"$(inherited)",
					"@executable_path/Frameworks",
				);
				MARKETING_VERSION = 1.0;
				PRODUCT_BUNDLE_IDENTIFIER = head.timothy.com.RestaurantAppMockUp;
				PRODUCT_NAME = "$(TARGET_NAME)";
				SWIFT_EMIT_LOC_STRINGS = YES;
				SWIFT_VERSION = 5.0;
				TARGETED_DEVICE_FAMILY = "1,2";
			};
			name = Debug;
		};
		2C9396BD28D2195F005EE023 /* Release */ = {
			isa = XCBuildConfiguration;
			buildSettings = {
				ASSETCATALOG_COMPILER_APPICON_NAME = AppIcon;
				ASSETCATALOG_COMPILER_GLOBAL_ACCENT_COLOR_NAME = AccentColor;
				CODE_SIGN_STYLE = Automatic;
				CURRENT_PROJECT_VERSION = 1;
				DEVELOPMENT_TEAM = 4A7MNXWJ5T;
				GENERATE_INFOPLIST_FILE = YES;
				INFOPLIST_FILE = RestaurantAppMockUp/Info.plist;
				INFOPLIST_KEY_UIApplicationSupportsIndirectInputEvents = YES;
				INFOPLIST_KEY_UILaunchStoryboardName = LaunchScreen;
				INFOPLIST_KEY_UIMainStoryboardFile = Main;
				INFOPLIST_KEY_UISupportedInterfaceOrientations_iPad = "UIInterfaceOrientationPortrait UIInterfaceOrientationPortraitUpsideDown UIInterfaceOrientationLandscapeLeft UIInterfaceOrientationLandscapeRight";
				INFOPLIST_KEY_UISupportedInterfaceOrientations_iPhone = "UIInterfaceOrientationPortrait UIInterfaceOrientationLandscapeLeft UIInterfaceOrientationLandscapeRight";
				LD_RUNPATH_SEARCH_PATHS = (
					"$(inherited)",
					"@executable_path/Frameworks",
				);
				MARKETING_VERSION = 1.0;
				PRODUCT_BUNDLE_IDENTIFIER = head.timothy.com.RestaurantAppMockUp;
				PRODUCT_NAME = "$(TARGET_NAME)";
				SWIFT_EMIT_LOC_STRINGS = YES;
				SWIFT_VERSION = 5.0;
				TARGETED_DEVICE_FAMILY = "1,2";
			};
			name = Release;
		};
/* End XCBuildConfiguration section */

/* Begin XCConfigurationList section */
		2C9396A228D2195E005EE023 /* Build configuration list for PBXProject "RestaurantAppMockUp" */ = {
			isa = XCConfigurationList;
			buildConfigurations = (
				2C9396B928D2195F005EE023 /* Debug */,
				2C9396BA28D2195F005EE023 /* Release */,
			);
			defaultConfigurationIsVisible = 0;
			defaultConfigurationName = Release;
		};
		2C9396BB28D2195F005EE023 /* Build configuration list for PBXNativeTarget "RestaurantAppMockUp" */ = {
			isa = XCConfigurationList;
			buildConfigurations = (
				2C9396BC28D2195F005EE023 /* Debug */,
				2C9396BD28D2195F005EE023 /* Release */,
			);
			defaultConfigurationIsVisible = 0;
			defaultConfigurationName = Release;
		};
/* End XCConfigurationList section */
	};
	rootObject = 2C93969F28D2195E005EE023 /* Project object */;
}
